[[package]]
name = "aiofiles"
version = "0.8.0"
description = "File support for asyncio."
category = "main"
optional = false
python-versions = ">=3.6,<4.0"

[[package]]
name = "certifi"
version = "2022.5.18.1"
description = "Python package for providing Mozilla's CA Bundle."
category = "main"
optional = false
python-versions = ">=3.6"

[[package]]
name = "charset-normalizer"
version = "2.0.12"
description = "The Real First Universal Charset Detector. Open, modern and actively maintained alternative to Chardet."
category = "main"
optional = false
python-versions = ">=3.5.0"

[package.extras]
unicode_backport = ["unicodedata2"]

[[package]]
name = "click"
version = "8.1.3"
description = "Composable command line interface toolkit"
category = "main"
optional = false
python-versions = ">=3.7"

[package.dependencies]
colorama = {version = "*", markers = "platform_system == \"Windows\""}

[[package]]
name = "colorama"
version = "0.4.4"
description = "Cross-platform colored terminal text."
category = "main"
optional = false
python-versions = ">=2.7, !=3.0.*, !=3.1.*, !=3.2.*, !=3.3.*, !=3.4.*"

[[package]]
name = "grpcio"
version = "1.46.1"
description = "HTTP/2-based RPC framework"
category = "main"
optional = false
python-versions = ">=3.6"

[package.dependencies]
six = ">=1.5.2"

[package.extras]
protobuf = ["grpcio-tools (>=1.46.1)"]

[[package]]
name = "idna"
version = "3.3"
description = "Internationalized Domain Names in Applications (IDNA)"
category = "main"
optional = false
python-versions = ">=3.5"

[[package]]
name = "oauthlib"
version = "3.1.1"
description = "A generic, spec-compliant, thorough implementation of the OAuth request-signing logic"
category = "main"
optional = false
python-versions = ">=3.6"

[package.extras]
rsa = ["cryptography (>=3.0.0,<4)"]
signals = ["blinker (>=1.4.0)"]
signedtoken = ["cryptography (>=3.0.0,<4)", "pyjwt (>=2.0.0,<3)"]

[[package]]
name = "protobuf"
version = "3.20.1"
description = "Protocol Buffers"
category = "main"
optional = false
python-versions = ">=3.7"

[[package]]
name = "pyzeebe"
version = "3.0.4"
description = "Zeebe client api"
category = "main"
optional = false
python-versions = ">=3.6,<4.0"

[package.dependencies]
aiofiles = ">=0.7,<0.9"
oauthlib = ">=3.1.0,<3.2.0"
requests-oauthlib = ">=1.3.0,<1.4.0"
zeebe-grpc = ">=1.2.0,<2.0.0"

[[package]]
name = "requests"
version = "2.27.1"
description = "Python HTTP for Humans."
category = "main"
optional = false
python-versions = ">=2.7, !=3.0.*, !=3.1.*, !=3.2.*, !=3.3.*, !=3.4.*, !=3.5.*"

[package.dependencies]
certifi = ">=2017.4.17"
charset-normalizer = {version = ">=2.0.0,<2.1.0", markers = "python_version >= \"3\""}
idna = {version = ">=2.5,<4", markers = "python_version >= \"3\""}
urllib3 = ">=1.21.1,<1.27"

[package.extras]
socks = ["PySocks (>=1.5.6,!=1.5.7)", "win-inet-pton"]
use_chardet_on_py3 = ["chardet (>=3.0.2,<5)"]

[[package]]
name = "requests-oauthlib"
version = "1.3.1"
description = "OAuthlib authentication support for Requests."
category = "main"
optional = false
python-versions = ">=2.7, !=3.0.*, !=3.1.*, !=3.2.*, !=3.3.*"

[package.dependencies]
oauthlib = ">=3.0.0"
requests = ">=2.0.0"

[package.extras]
rsa = ["oauthlib[signedtoken] (>=3.0.0)"]

[[package]]
name = "six"
version = "1.16.0"
description = "Python 2 and 3 compatibility utilities"
category = "main"
optional = false
python-versions = ">=2.7, !=3.0.*, !=3.1.*, !=3.2.*"

[[package]]
name = "urllib3"
version = "1.26.9"
description = "HTTP library with thread-safe connection pooling, file post, and more."
category = "main"
optional = false
python-versions = ">=2.7, !=3.0.*, !=3.1.*, !=3.2.*, !=3.3.*, !=3.4.*, <4"

[package.extras]
brotli = ["brotlicffi (>=0.8.0)", "brotli (>=1.0.9)", "brotlipy (>=0.6.0)"]
secure = ["pyOpenSSL (>=0.14)", "cryptography (>=1.3.4)", "idna (>=2.0.0)", "certifi", "ipaddress"]
socks = ["PySocks (>=1.5.6,!=1.5.7,<2.0)"]

[[package]]
name = "zeebe-grpc"
version = "1.3.7"
description = "zeebe Python gRPC Gateway"
category = "main"
optional = false
python-versions = "*"

[package.dependencies]
grpcio = ">=1,<2"
protobuf = ">=3,<4"

[metadata]
lock-version = "1.1"
python-versions = "^3.9"
content-hash = "0292b9310113833a7227c9420a5d5189d5911af21ed8e47c7cedf287bcb1393e"

[metadata.files]
aiofiles = [
    {file = "aiofiles-0.8.0-py3-none-any.whl", hash = "sha256:7a973fc22b29e9962d0897805ace5856e6a566ab1f0c8e5c91ff6c866519c937"},
    {file = "aiofiles-0.8.0.tar.gz", hash = "sha256:8334f23235248a3b2e83b2c3a78a22674f39969b96397126cc93664d9a901e59"},
]
certifi = [
    {file = "certifi-2022.5.18.1-py3-none-any.whl", hash = "sha256:f1d53542ee8cbedbe2118b5686372fb33c297fcd6379b050cca0ef13a597382a"},
    {file = "certifi-2022.5.18.1.tar.gz", hash = "sha256:9c5705e395cd70084351dd8ad5c41e65655e08ce46f2ec9cf6c2c08390f71eb7"},
]
charset-normalizer = [
    {file = "charset-normalizer-2.0.12.tar.gz", hash = "sha256:2857e29ff0d34db842cd7ca3230549d1a697f96ee6d3fb071cfa6c7393832597"},
    {file = "charset_normalizer-2.0.12-py3-none-any.whl", hash = "sha256:6881edbebdb17b39b4eaaa821b438bf6eddffb4468cf344f09f89def34a8b1df"},
]
click = [
    {file = "click-8.1.3-py3-none-any.whl", hash = "sha256:bb4d8133cb15a609f44e8213d9b391b0809795062913b383c62be0ee95b1db48"},
    {file = "click-8.1.3.tar.gz", hash = "sha256:7682dc8afb30297001674575ea00d1814d808d6a36af415a82bd481d37ba7b8e"},
]
colorama = [
    {file = "colorama-0.4.4-py2.py3-none-any.whl", hash = "sha256:9f47eda37229f68eee03b24b9748937c7dc3868f906e8ba69fbcbdd3bc5dc3e2"},
    {file = "colorama-0.4.4.tar.gz", hash = "sha256:5941b2b48a20143d2267e95b1c2a7603ce057ee39fd88e7329b0c292aa16869b"},
]
grpcio = [
    {file = "grpcio-1.46.1-cp310-cp310-linux_armv7l.whl", hash = "sha256:aeb1e07fab60736583fc17f0bad9ba45b82d4c2099576a936853742e6ff50bd8"},
    {file = "grpcio-1.46.1-cp310-cp310-macosx_10_10_universal2.whl", hash = "sha256:09f84962dacfee7137b76818476bcd7fcf11626e3e9c20adae2b0fa9c7fe81c3"},
    {file = "grpcio-1.46.1-cp310-cp310-manylinux_2_17_aarch64.whl", hash = "sha256:48260059c3204a1fa948233711045b066f09deaa24fb6213e8fb0fc7264832f7"},
    {file = "grpcio-1.46.1-cp310-cp310-manylinux_2_17_i686.manylinux2014_i686.whl", hash = "sha256:c3b3898087090a03429d14e053af5531075e6db6bdd608fd44fa4eb1021b50f2"},
    {file = "grpcio-1.46.1-cp310-cp310-manylinux_2_17_x86_64.manylinux2014_x86_64.whl", hash = "sha256:fe355dd01d2310ddbcdcf903bde451ca4b22cdcc2ea3c36de34997578ee3b1e0"},
    {file = "grpcio-1.46.1-cp310-cp310-musllinux_1_1_i686.whl", hash = "sha256:58777d1abd8291c9dd98dc236ece82696cd54039daa0b478bb2ad6cb0c8d4b9a"},
    {file = "grpcio-1.46.1-cp310-cp310-musllinux_1_1_x86_64.whl", hash = "sha256:f4d9e8c8da9ea4bd3d72122e2491bfee798ba1f498abf680a508f78eb49d742b"},
    {file = "grpcio-1.46.1-cp310-cp310-win32.whl", hash = "sha256:46eefbb36a062fad859bf56087f1a6782aae2a7e0c6234fb82971290db29a3e2"},
    {file = "grpcio-1.46.1-cp310-cp310-win_amd64.whl", hash = "sha256:7c12b79c625eb6a73d808c234254bfbd23fae08a7f64bb78236c61f77f30454a"},
    {file = "grpcio-1.46.1-cp36-cp36m-linux_armv7l.whl", hash = "sha256:424ef6c3f7631b21a7884e5756f23d2fc5c4d89f05b0c87e4b0cd4495b39748e"},
    {file = "grpcio-1.46.1-cp36-cp36m-macosx_10_10_x86_64.whl", hash = "sha256:a73ccbc4f7a57183ec6c3f78e225585ba85f990e93b523359bad83baee349540"},
    {file = "grpcio-1.46.1-cp36-cp36m-manylinux_2_12_i686.manylinux2010_i686.whl", hash = "sha256:3abc211a2ebdf002b0a430079238b4861ea74fa3f6751f4e584702333ec5b886"},
    {file = "grpcio-1.46.1-cp36-cp36m-manylinux_2_12_x86_64.manylinux2010_x86_64.whl", hash = "sha256:71a2163e14ad95210d7353fd4ea5f02d474afec897e653e54adce45cf0ee1536"},
    {file = "grpcio-1.46.1-cp36-cp36m-manylinux_2_17_aarch64.whl", hash = "sha256:48f81a903467dd6665af7b2c3089b2dbe16563a945d7dc88c40c585dcd010f8a"},
    {file = "grpcio-1.46.1-cp36-cp36m-manylinux_2_17_i686.manylinux2014_i686.whl", hash = "sha256:5bae8fd51d16a2712e5ecfc40146f6b3bcb6e3837f345be7f20ecc4a86c61903"},
    {file = "grpcio-1.46.1-cp36-cp36m-manylinux_2_17_x86_64.manylinux2014_x86_64.whl", hash = "sha256:22dc046fece523ca3a86aac75ac9980016c0ba93d35a586bc8b350a62430f4fc"},
    {file = "grpcio-1.46.1-cp36-cp36m-musllinux_1_1_i686.whl", hash = "sha256:4083a70e3f90f6e48de37611484f489381f21a2615575c9a5a6ea5d9bf46db71"},
    {file = "grpcio-1.46.1-cp36-cp36m-musllinux_1_1_x86_64.whl", hash = "sha256:4a7431905f3b7177c0a03f4ed7471d3d500e0d109c739b724e4ab4d2f852c961"},
    {file = "grpcio-1.46.1-cp36-cp36m-win32.whl", hash = "sha256:0c5d817a0738d87868ffaeef1ec2aa312cd99b24ba451f4dc993457468d48216"},
    {file = "grpcio-1.46.1-cp36-cp36m-win_amd64.whl", hash = "sha256:0c50a5d81a4b5583b7fef4ec084fab919a06ad2e7e01eefd778f2a9bfd3f6b19"},
    {file = "grpcio-1.46.1-cp37-cp37m-linux_armv7l.whl", hash = "sha256:0e6800f64c61cfa914c25560eb885a61623e356c7885775b80eead94f80c178c"},
    {file = "grpcio-1.46.1-cp37-cp37m-macosx_10_10_x86_64.whl", hash = "sha256:c9e2be2b9cd3c15980b94371ad71f6c7a415d7b2b88b9ea35a993b4f2a947f11"},
    {file = "grpcio-1.46.1-cp37-cp37m-manylinux_2_12_i686.manylinux2010_i686.whl", hash = "sha256:cc032618b4c16b342c98ccfdfd85c5659ba33a9eb1c6e3ca0b2062dc08650f91"},
    {file = "grpcio-1.46.1-cp37-cp37m-manylinux_2_12_x86_64.manylinux2010_x86_64.whl", hash = "sha256:d1845dd5c3a21496a5e7c8d0dbc02ee1f5491a90ae391f0d8ea502e9a2ad9e28"},
    {file = "grpcio-1.46.1-cp37-cp37m-manylinux_2_17_aarch64.whl", hash = "sha256:385b55cdf6176961d22390e3d2e7c26ab412f2b7e35d150d0a2964afae0d6662"},
    {file = "grpcio-1.46.1-cp37-cp37m-manylinux_2_17_i686.manylinux2014_i686.whl", hash = "sha256:b476a680c08504c5520d043ee26e8614f71e2fc9abf98fc6de3ad61074684fb6"},
    {file = "grpcio-1.46.1-cp37-cp37m-manylinux_2_17_x86_64.manylinux2014_x86_64.whl", hash = "sha256:52217d64ca280cec095ca9643b7f028edf5c9866af9125ded452699be04d4440"},
    {file = "grpcio-1.46.1-cp37-cp37m-musllinux_1_1_i686.whl", hash = "sha256:3aa094661e8b4229177eb373b5c7b3aca34699711efa004daebd24bf60fd213b"},
    {file = "grpcio-1.46.1-cp37-cp37m-musllinux_1_1_x86_64.whl", hash = "sha256:d8e0778b2e9a92beef973b050102e7698753c57ef59572b59794580a8990ad95"},
    {file = "grpcio-1.46.1-cp37-cp37m-win32.whl", hash = "sha256:f868103adeb61dd42330c2e85e1c0cccbc9a0b3f53fd84299981c9af99f95da7"},
    {file = "grpcio-1.46.1-cp37-cp37m-win_amd64.whl", hash = "sha256:9e27d4937763c1b4f360bea7f976ea73ccd444f89279a0de2147c8d65fdbf6b0"},
    {file = "grpcio-1.46.1-cp38-cp38-linux_armv7l.whl", hash = "sha256:b7f058ba6818cb20dca26ac43c610a2c9846302a34a7f0ac81b0dda0bde15bbf"},
    {file = "grpcio-1.46.1-cp38-cp38-macosx_10_10_x86_64.whl", hash = "sha256:e44313f90365780631597dd59f9a50830a02f038b7e191a44d09a9094683123b"},
    {file = "grpcio-1.46.1-cp38-cp38-manylinux_2_12_i686.manylinux2010_i686.whl", hash = "sha256:09c5b5812fdb50ee5ccd3cb2820bd72706e04f42e58245a3f640370aaef17938"},
    {file = "grpcio-1.46.1-cp38-cp38-manylinux_2_12_x86_64.manylinux2010_x86_64.whl", hash = "sha256:c758fcba514fded6fc0dc0cd8416f2697af0e1a2e7e13a8be49728820dc51371"},
    {file = "grpcio-1.46.1-cp38-cp38-manylinux_2_17_aarch64.whl", hash = "sha256:5a67abcf8c646970a48896e23256403397927a4ea0bcf0a0e4bd7c2023f675dd"},
    {file = "grpcio-1.46.1-cp38-cp38-manylinux_2_17_i686.manylinux2014_i686.whl", hash = "sha256:3e20ad60564e71b7a29894d6d1eebe23c43974d82d2529b37d8f766b3ec3ef1e"},
    {file = "grpcio-1.46.1-cp38-cp38-manylinux_2_17_x86_64.manylinux2014_x86_64.whl", hash = "sha256:83c0eee24264e715cadef3a4b4cc58b69ec57faa98bf8a49079ceb7345adb767"},
    {file = "grpcio-1.46.1-cp38-cp38-musllinux_1_1_i686.whl", hash = "sha256:ae8c79aa3d699b7e48f56e4ee6aececf29a7b01e61db408a6d0e3f3d27f93ee4"},
    {file = "grpcio-1.46.1-cp38-cp38-musllinux_1_1_x86_64.whl", hash = "sha256:8e2d6c4308a143533a8c9b01616d628de22bc2f9da73ff9dd75f92104597c90f"},
    {file = "grpcio-1.46.1-cp38-cp38-win32.whl", hash = "sha256:a481ec9bc02c1be56b9d2eff14b00629f679269a10a952134ad6624ff335daa7"},
    {file = "grpcio-1.46.1-cp38-cp38-win_amd64.whl", hash = "sha256:c88bfb74d343c3214a5482530a112a623704549271006cfb3284daf2dcdda620"},
    {file = "grpcio-1.46.1-cp39-cp39-linux_armv7l.whl", hash = "sha256:a968c5572a55ca0acc068c69ffde252bcb0ce79acf857b55a76733eb8e71b2da"},
    {file = "grpcio-1.46.1-cp39-cp39-macosx_10_10_x86_64.whl", hash = "sha256:ec9afc7641a43d37e7f4c8a6464ec14748aa939443f06754331a30e430a73cf5"},
    {file = "grpcio-1.46.1-cp39-cp39-manylinux_2_12_i686.manylinux2010_i686.whl", hash = "sha256:4b963b5594e1e1eaa657bc1007aa2f4d78e3be0b38a0c8524da68b981c82854f"},
    {file = "grpcio-1.46.1-cp39-cp39-manylinux_2_12_x86_64.manylinux2010_x86_64.whl", hash = "sha256:4f51f7534c6fb47edbe3524357c05680af96d93d38f6c98a2560f56bfcc171ec"},
    {file = "grpcio-1.46.1-cp39-cp39-manylinux_2_17_aarch64.whl", hash = "sha256:47958e3a8ec64768ef9ab7448bcb1c571d3a8138a90674710af811ef082ae428"},
    {file = "grpcio-1.46.1-cp39-cp39-manylinux_2_17_i686.manylinux2014_i686.whl", hash = "sha256:ce35d280b022766121d09901827973c66b31987047e54062f72ea0a8df8cd267"},
    {file = "grpcio-1.46.1-cp39-cp39-manylinux_2_17_x86_64.manylinux2014_x86_64.whl", hash = "sha256:72b0cf7240cd26efb589afbcff21ed4f430e8237e6c9ab02f7d7118d9677f278"},
    {file = "grpcio-1.46.1-cp39-cp39-musllinux_1_1_i686.whl", hash = "sha256:51c917e8eea1995d540524674406b9658591ae29beab012f79f817757ce218b5"},
    {file = "grpcio-1.46.1-cp39-cp39-musllinux_1_1_x86_64.whl", hash = "sha256:8373f35f562a3235a3213a2899da72e7ab2f94e127f88d17e5a9702aa7a7a61d"},
    {file = "grpcio-1.46.1-cp39-cp39-win32.whl", hash = "sha256:9009bceefe013cbb57663fe3e33b38e695832216b23aa3efb2c81c86b271f0da"},
    {file = "grpcio-1.46.1-cp39-cp39-win_amd64.whl", hash = "sha256:0815fb60b23d992a732bd32a7cb9cbcdbbb8faef9f4219fc7570537b2ad72428"},
    {file = "grpcio-1.46.1.tar.gz", hash = "sha256:4835b0f5fedbee3a3d6eea48f4e65dffd30b52c078690fa97ddc9fcea1e3b35d"},
]
idna = [
    {file = "idna-3.3-py3-none-any.whl", hash = "sha256:84d9dd047ffa80596e0f246e2eab0b391788b0503584e8945f2368256d2735ff"},
    {file = "idna-3.3.tar.gz", hash = "sha256:9d643ff0a55b762d5cdb124b8eaa99c66322e2157b69160bc32796e824360e6d"},
]
oauthlib = [
    {file = "oauthlib-3.1.1-py2.py3-none-any.whl", hash = "sha256:42bf6354c2ed8c6acb54d971fce6f88193d97297e18602a3a886603f9d7730cc"},
    {file = "oauthlib-3.1.1.tar.gz", hash = "sha256:8f0215fcc533dd8dd1bee6f4c412d4f0cd7297307d43ac61666389e3bc3198a3"},
]
protobuf = [
    {file = "protobuf-3.20.1-cp310-cp310-macosx_10_9_universal2.whl", hash = "sha256:3cc797c9d15d7689ed507b165cd05913acb992d78b379f6014e013f9ecb20996"},
    {file = "protobuf-3.20.1-cp310-cp310-manylinux2014_aarch64.whl", hash = "sha256:ff8d8fa42675249bb456f5db06c00de6c2f4c27a065955917b28c4f15978b9c3"},
    {file = "protobuf-3.20.1-cp310-cp310-manylinux_2_12_x86_64.manylinux2010_x86_64.whl", hash = "sha256:cd68be2559e2a3b84f517fb029ee611546f7812b1fdd0aa2ecc9bc6ec0e4fdde"},
    {file = "protobuf-3.20.1-cp310-cp310-win32.whl", hash = "sha256:9016d01c91e8e625141d24ec1b20fed584703e527d28512aa8c8707f105a683c"},
    {file = "protobuf-3.20.1-cp310-cp310-win_amd64.whl", hash = "sha256:32ca378605b41fd180dfe4e14d3226386d8d1b002ab31c969c366549e66a2bb7"},
    {file = "protobuf-3.20.1-cp36-cp36m-macosx_10_9_x86_64.whl", hash = "sha256:9be73ad47579abc26c12024239d3540e6b765182a91dbc88e23658ab71767153"},
    {file = "protobuf-3.20.1-cp36-cp36m-manylinux_2_5_x86_64.manylinux1_x86_64.whl", hash = "sha256:097c5d8a9808302fb0da7e20edf0b8d4703274d140fd25c5edabddcde43e081f"},
    {file = "protobuf-3.20.1-cp37-cp37m-macosx_10_9_x86_64.whl", hash = "sha256:e250a42f15bf9d5b09fe1b293bdba2801cd520a9f5ea2d7fb7536d4441811d20"},
    {file = "protobuf-3.20.1-cp37-cp37m-manylinux2014_aarch64.whl", hash = "sha256:cdee09140e1cd184ba9324ec1df410e7147242b94b5f8b0c64fc89e38a8ba531"},
    {file = "protobuf-3.20.1-cp37-cp37m-manylinux_2_5_x86_64.manylinux1_x86_64.whl", hash = "sha256:af0ebadc74e281a517141daad9d0f2c5d93ab78e9d455113719a45a49da9db4e"},
    {file = "protobuf-3.20.1-cp37-cp37m-win32.whl", hash = "sha256:755f3aee41354ae395e104d62119cb223339a8f3276a0cd009ffabfcdd46bb0c"},
    {file = "protobuf-3.20.1-cp37-cp37m-win_amd64.whl", hash = "sha256:62f1b5c4cd6c5402b4e2d63804ba49a327e0c386c99b1675c8a0fefda23b2067"},
    {file = "protobuf-3.20.1-cp38-cp38-macosx_10_9_x86_64.whl", hash = "sha256:06059eb6953ff01e56a25cd02cca1a9649a75a7e65397b5b9b4e929ed71d10cf"},
    {file = "protobuf-3.20.1-cp38-cp38-manylinux2014_aarch64.whl", hash = "sha256:cb29edb9eab15742d791e1025dd7b6a8f6fcb53802ad2f6e3adcb102051063ab"},
    {file = "protobuf-3.20.1-cp38-cp38-manylinux_2_5_x86_64.manylinux1_x86_64.whl", hash = "sha256:69ccfdf3657ba59569c64295b7d51325f91af586f8d5793b734260dfe2e94e2c"},
    {file = "protobuf-3.20.1-cp38-cp38-win32.whl", hash = "sha256:dd5789b2948ca702c17027c84c2accb552fc30f4622a98ab5c51fcfe8c50d3e7"},
    {file = "protobuf-3.20.1-cp38-cp38-win_amd64.whl", hash = "sha256:77053d28427a29987ca9caf7b72ccafee011257561259faba8dd308fda9a8739"},
    {file = "protobuf-3.20.1-cp39-cp39-macosx_10_9_x86_64.whl", hash = "sha256:6f50601512a3d23625d8a85b1638d914a0970f17920ff39cec63aaef80a93fb7"},
    {file = "protobuf-3.20.1-cp39-cp39-manylinux2014_aarch64.whl", hash = "sha256:284f86a6207c897542d7e956eb243a36bb8f9564c1742b253462386e96c6b78f"},
    {file = "protobuf-3.20.1-cp39-cp39-manylinux_2_5_x86_64.manylinux1_x86_64.whl", hash = "sha256:7403941f6d0992d40161aa8bb23e12575637008a5a02283a930addc0508982f9"},
    {file = "protobuf-3.20.1-cp39-cp39-win32.whl", hash = "sha256:db977c4ca738dd9ce508557d4fce0f5aebd105e158c725beec86feb1f6bc20d8"},
    {file = "protobuf-3.20.1-cp39-cp39-win_amd64.whl", hash = "sha256:7e371f10abe57cee5021797126c93479f59fccc9693dafd6bd5633ab67808a91"},
    {file = "protobuf-3.20.1-py2.py3-none-any.whl", hash = "sha256:adfc6cf69c7f8c50fd24c793964eef18f0ac321315439d94945820612849c388"},
    {file = "protobuf-3.20.1.tar.gz", hash = "sha256:adc31566d027f45efe3f44eeb5b1f329da43891634d61c75a5944e9be6dd42c9"},
]
pyzeebe = [
    {file = "pyzeebe-3.0.4-py3-none-any.whl", hash = "sha256:5a6816649f5ff8d327ecac9c1be463a5853286afb969d92cf48c277d478d62ef"},
    {file = "pyzeebe-3.0.4.tar.gz", hash = "sha256:7302b64d0799389fcaf01b927f1d7e458d340d634d8f122b91b9c3d019b7b11e"},
]
requests = [
    {file = "requests-2.27.1-py2.py3-none-any.whl", hash = "sha256:f22fa1e554c9ddfd16e6e41ac79759e17be9e492b3587efa038054674760e72d"},
    {file = "requests-2.27.1.tar.gz", hash = "sha256:68d7c56fd5a8999887728ef304a6d12edc7be74f1cfa47714fc8b414525c9a61"},
]
requests-oauthlib = [
    {file = "requests-oauthlib-1.3.1.tar.gz", hash = "sha256:75beac4a47881eeb94d5ea5d6ad31ef88856affe2332b9aafb52c6452ccf0d7a"},
    {file = "requests_oauthlib-1.3.1-py2.py3-none-any.whl", hash = "sha256:2577c501a2fb8d05a304c09d090d6e47c306fef15809d102b327cf8364bddab5"},
]
six = [
    {file = "six-1.16.0-py2.py3-none-any.whl", hash = "sha256:8abb2f1d86890a2dfb989f9a77cfcfd3e47c2a354b01111771326f8aa26e0254"},
    {file = "six-1.16.0.tar.gz", hash = "sha256:1e61c37477a1626458e36f7b1d82aa5c9b094fa4802892072e49de9c60c4c926"},
]
urllib3 = [
    {file = "urllib3-1.26.9-py2.py3-none-any.whl", hash = "sha256:44ece4d53fb1706f667c9bd1c648f5469a2ec925fcf3a776667042d645472c14"},
    {file = "urllib3-1.26.9.tar.gz", hash = "sha256:aabaf16477806a5e1dd19aa41f8c2b7950dd3c746362d7e3223dbe6de6ac448e"},
]
zeebe-grpc = [
    {file = "zeebe_grpc-1.3.7-py3-none-any.whl", hash = "sha256:9f8ed2e84e7143cf7d6b464ded226832e6a053a58665f73c456b775bf66dff6a"},
    {file = "zeebe_grpc-1.3.7.tar.gz", hash = "sha256:981836307db2600ea7a96d0c2ac14fc51a16952c432e879741963ef8a705c6a7"},
]
